
Microsoft Visual Studio Solution File, Format Version 12.00
# Visual Studio Version 16
VisualStudioVersion = 16.0.30611.23
MinimumVisualStudioVersion = 10.0.40219.1
Project("{FAE04EC0-301F-11D3-BF4B-00C04F79EFBC}") = "WebApplication1", "WebApplication1\WebApplication1.csproj", "{696A2F5D-688F-4CCC-8B60-9DE406BD551A}"
EndProject
Global
	GlobalSection(SolutionConfigurationPlatforms) = preSolution
		Debug|Any CPU = Debug|Any CPU
		Release|Any CPU = Release|Any CPU
	EndGlobalSection
	GlobalSection(ProjectConfigurationPlatforms) = postSolution
		{696A2F5D-688F-4CCC-8B60-9DE406BD551A}.Debug|Any CPU.ActiveCfg = Debug|Any CPU
		{696A2F5D-688F-4CCC-8B60-9DE406BD551A}.Debug|Any CPU.Build.0 = Debug|Any CPU
		{696A2F5D-688F-4CCC-8B60-9DE406BD551A}.Release|Any CPU.ActiveCfg = Release|Any CPU
		{696A2F5D-688F-4CCC-8B60-9DE406BD551A}.Release|Any CPU.Build.0 = Release|Any CPU
	EndGlobalSection
	GlobalSection(SolutionProperties) = preSolution
		HideSolutionNode = FALSE
	EndGlobalSection
	GlobalSection(ExtensibilityGlobals) = postSolution
		SolutionGuid = {5208883A-BFB7-4FE1-A948-902B2E11043F}
	EndGlobalSection
EndGlobal
